{
  "name": "eq-cir-management-ui",
  "version": "1.0.0",
  "lockfileVersion": 3,
  "requires": true,
  "packages": {
    "": {
      "name": "eq-cir-management-ui",
      "version": "1.0.0",
      "dependencies": {
        "@ons/design-system": "72.9.0",
        "prettier": "^3.5.3",
        "prettier-plugin-jinja-template": "^2.1.0"
      }
    },
    "node_modules/@ons/design-system": {
      "version": "72.9.0",
      "license": "MIT",
      "dependencies": {
        "highcharts": "^12.1.2"
      }
    },
    "node_modules/highcharts": {
      "version": "12.2.0",
      "license": "https://www.highcharts.com/license"
    },
    "node_modules/prettier": {
      "version": "3.5.3",
      "license": "MIT",
      "bin": {
        "prettier": "bin/prettier.cjs"
      },
      "engines": {
        "node": ">=14"
      },
      "funding": {
        "url": "https://github.com/prettier/prettier?sponsor=1"
      }
    },
    "node_modules/prettier-plugin-jinja-template": {
      "version": "2.1.0",
      "license": "MIT",
      "peerDependencies": {
        "prettier": "^3.0.0"
      }
    }
  }
}
