# THIS IS AN AUTOGENERATED FILE. DO NOT EDIT THIS FILE DIRECTLY.
# yarn lockfile v1


"@ons/design-system@72.9.0":
  version "72.9.0"
  resolved "https://registry.yarnpkg.com/@ons/design-system/-/design-system-72.9.0.tgz#e52b26c9f7fb5c4514f810a8dee2cc0d104aa09d"
  integrity sha512-T/4M0qTUiXq3nMjW+Gndj/q6ykf0PpfaBnBLrTREnZu5aHF7BaiOKbsTHBRxImcV/GgWlxc6LDhyCEr3rZQI8g==
  dependencies:
    highcharts "^12.1.2"

highcharts@^12.1.2:
  version "12.2.0"
  resolved "https://registry.yarnpkg.com/highcharts/-/highcharts-12.2.0.tgz#264633af7e815f0f6291c0d570b1da12e323e9de"
  integrity sha512-UUN+osTP3aeGc4KmoMuWAjzpKif8GYHFozzYI4O8h1ILGof25M/ZGBpXLvgqf1z0LVh7N9eG7i0HnzMfjcR4nA==

prettier-plugin-jinja-template@^2.1.0:
  version "2.1.0"
  resolved "https://registry.yarnpkg.com/prettier-plugin-jinja-template/-/prettier-plugin-jinja-template-2.1.0.tgz#ea2c83e473a8d12a61b289a1d8f1c591ef09b3a8"
  integrity sha512-mzoCp2Oy9BDSug80fw3B3J4n4KQj1hRvoQOL1akqcDKBb5nvYxrik9zUEDs4AEJ6nK7QDTGoH0y9rx7AlnQ78Q==

prettier@^3.5.3:
  version "3.5.3"
  resolved "https://registry.yarnpkg.com/prettier/-/prettier-3.5.3.tgz#4fc2ce0d657e7a02e602549f053b239cb7dfe1b5"
  integrity sha512-QQtaxnoDJeAkDvDKWCLiwIXkTgRhwYDEQCghU9Z6q03iyek/rxRh/2lC3HB7P8sWT2xC/y5JDctPLBIGzHKbhw==
